
Microsoft Visual Studio Solution File, Format Version 12.00
# Visual Studio 14
VisualStudioVersion = 14.0.25420.1
MinimumVisualStudioVersion = 10.0.40219.1
Project("{FAE04EC0-301F-11D3-BF4B-00C04F79EFBC}") = "Sitecore.PublishExclusions", "Sitecore.PublishExclusions\Sitecore.PublishExclusions.csproj", "{B44947BE-C44A-4330-895F-3DF21E936D41}"
EndProject
Project("{2150E333-8FDC-42A3-9474-1A3956D46DE8}") = "Lib", "Lib", "{86A56921-595A-46A8-B893-6F58DB08D705}"
EndProject
Project("{2150E333-8FDC-42A3-9474-1A3956D46DE8}") = "SC7.2", "SC7.2", "{4D4597A6-1DE7-4733-98F9-2BDCEEBEC8C8}"
	ProjectSection(SolutionItems) = preProject
		Lib\SC7.2\Sitecore.Kernel.dll = Lib\SC7.2\Sitecore.Kernel.dll
	EndProjectSection
EndProject
Project("{CAA73BB0-EF22-4D79-A57E-DF67B3BA9C80}") = "Sitecore.PublishExclusions.Master", "Sitecore.PublishExclusions.Master\Sitecore.PublishExclusions.Master.scproj", "{AA0EF4C0-EDB8-4607-9609-346C8965440C}"
EndProject
Project("{2150E333-8FDC-42A3-9474-1A3956D46DE8}") = "SC8.0", "SC8.0", "{BDC68ACD-5C3F-4637-B1F2-F39ACBEA1FB6}"
	ProjectSection(SolutionItems) = preProject
		Lib\SC8.0\Sitecore.Kernel.dll = Lib\SC8.0\Sitecore.Kernel.dll
	EndProjectSection
EndProject
Project("{2150E333-8FDC-42A3-9474-1A3956D46DE8}") = "SC8.1", "SC8.1", "{118FF76E-9F6E-4D12-950B-36E33203EFC8}"
	ProjectSection(SolutionItems) = preProject
		Lib\SC8.1\Sitecore.Kernel.dll = Lib\SC8.1\Sitecore.Kernel.dll
	EndProjectSection
EndProject
Project("{2150E333-8FDC-42A3-9474-1A3956D46DE8}") = "SolutionFiles", "SolutionFiles", "{A4072703-2E52-4E52-8CB2-7325BCFF02E9}"
	ProjectSection(SolutionItems) = preProject
		SolutionFiles\Sitecore Publish Exclusions.xml = SolutionFiles\Sitecore Publish Exclusions.xml
	EndProjectSection
EndProject
Project("{FAE04EC0-301F-11D3-BF4B-00C04F79EFBC}") = "Sitecore.PublishExclusions.PublishingService", "Sitecore.PublishExclusions.PublishingService\Sitecore.PublishExclusions.PublishingService.csproj", "{125E399C-F888-44B1-B880-6F5CDBE46123}"
EndProject
Project("{2150E333-8FDC-42A3-9474-1A3956D46DE8}") = "SC8.2", "SC8.2", "{948EB378-8812-44EE-A429-0AD7E9F8E759}"
	ProjectSection(SolutionItems) = preProject
		Lib\SC8.2\Dapper.dll = Lib\SC8.2\Dapper.dll
		Lib\SC8.2\Microsoft.AspNetCore.Hosting.Abstractions.dll = Lib\SC8.2\Microsoft.AspNetCore.Hosting.Abstractions.dll
		Lib\SC8.2\Microsoft.AspNetCore.Hosting.dll = Lib\SC8.2\Microsoft.AspNetCore.Hosting.dll
		Lib\SC8.2\Microsoft.Extensions.Configuration.Abstractions.dll = Lib\SC8.2\Microsoft.Extensions.Configuration.Abstractions.dll
		Lib\SC8.2\Microsoft.Extensions.Configuration.dll = Lib\SC8.2\Microsoft.Extensions.Configuration.dll
		Lib\SC8.2\Microsoft.Extensions.Logging.Abstractions.dll = Lib\SC8.2\Microsoft.Extensions.Logging.Abstractions.dll
		Lib\SC8.2\Microsoft.Extensions.Logging.dll = Lib\SC8.2\Microsoft.Extensions.Logging.dll
		Lib\SC8.2\Sitecore.Framework.Conditions.dll = Lib\SC8.2\Sitecore.Framework.Conditions.dll
		Lib\SC8.2\Sitecore.Framework.Configuration.Extensions.dll = Lib\SC8.2\Sitecore.Framework.Configuration.Extensions.dll
		Lib\SC8.2\Sitecore.Framework.Eventing.Abstractions.dll = Lib\SC8.2\Sitecore.Framework.Eventing.Abstractions.dll
		Lib\SC8.2\Sitecore.Framework.Publishing.Abstractions.dll = Lib\SC8.2\Sitecore.Framework.Publishing.Abstractions.dll
		Lib\SC8.2\Sitecore.Framework.Publishing.Data.dll = Lib\SC8.2\Sitecore.Framework.Publishing.Data.dll
		Lib\SC8.2\Sitecore.Framework.Publishing.dll = Lib\SC8.2\Sitecore.Framework.Publishing.dll
		Lib\SC8.2\Sitecore.Kernel.dll = Lib\SC8.2\Sitecore.Kernel.dll
		Lib\SC8.2\System.Reactive.Core.dll = Lib\SC8.2\System.Reactive.Core.dll
		Lib\SC8.2\System.Reactive.Interfaces.dll = Lib\SC8.2\System.Reactive.Interfaces.dll
		Lib\SC8.2\System.Reactive.Linq.dll = Lib\SC8.2\System.Reactive.Linq.dll
	EndProjectSection
EndProject
Global
	GlobalSection(SolutionConfigurationPlatforms) = preSolution
		Debug|Any CPU = Debug|Any CPU
		Release|Any CPU = Release|Any CPU
	EndGlobalSection
	GlobalSection(ProjectConfigurationPlatforms) = postSolution
		{B44947BE-C44A-4330-895F-3DF21E936D41}.Debug|Any CPU.ActiveCfg = Debug|Any CPU
		{B44947BE-C44A-4330-895F-3DF21E936D41}.Debug|Any CPU.Build.0 = Debug|Any CPU
		{B44947BE-C44A-4330-895F-3DF21E936D41}.Release|Any CPU.ActiveCfg = Release|Any CPU
		{B44947BE-C44A-4330-895F-3DF21E936D41}.Release|Any CPU.Build.0 = Release|Any CPU
		{AA0EF4C0-EDB8-4607-9609-346C8965440C}.Debug|Any CPU.ActiveCfg = Debug|Any CPU
		{AA0EF4C0-EDB8-4607-9609-346C8965440C}.Debug|Any CPU.Build.0 = Debug|Any CPU
		{AA0EF4C0-EDB8-4607-9609-346C8965440C}.Debug|Any CPU.Deploy.0 = Debug|Any CPU
		{AA0EF4C0-EDB8-4607-9609-346C8965440C}.Release|Any CPU.ActiveCfg = Release|Any CPU
		{AA0EF4C0-EDB8-4607-9609-346C8965440C}.Release|Any CPU.Build.0 = Release|Any CPU
		{AA0EF4C0-EDB8-4607-9609-346C8965440C}.Release|Any CPU.Deploy.0 = Release|Any CPU
		{125E399C-F888-44B1-B880-6F5CDBE46123}.Debug|Any CPU.ActiveCfg = Debug|Any CPU
		{125E399C-F888-44B1-B880-6F5CDBE46123}.Debug|Any CPU.Build.0 = Debug|Any CPU
		{125E399C-F888-44B1-B880-6F5CDBE46123}.Release|Any CPU.ActiveCfg = Release|Any CPU
		{125E399C-F888-44B1-B880-6F5CDBE46123}.Release|Any CPU.Build.0 = Release|Any CPU
	EndGlobalSection
	GlobalSection(SolutionProperties) = preSolution
		HideSolutionNode = FALSE
	EndGlobalSection
	GlobalSection(NestedProjects) = preSolution
		{4D4597A6-1DE7-4733-98F9-2BDCEEBEC8C8} = {86A56921-595A-46A8-B893-6F58DB08D705}
		{BDC68ACD-5C3F-4637-B1F2-F39ACBEA1FB6} = {86A56921-595A-46A8-B893-6F58DB08D705}
		{118FF76E-9F6E-4D12-950B-36E33203EFC8} = {86A56921-595A-46A8-B893-6F58DB08D705}
		{948EB378-8812-44EE-A429-0AD7E9F8E759} = {86A56921-595A-46A8-B893-6F58DB08D705}
	EndGlobalSection
EndGlobal
